
Microsoft Visual Studio Solution File, Format Version 12.00
# Visual Studio Version 17
VisualStudioVersion = 17.7.34024.191
MinimumVisualStudioVersion = 10.0.40219.1
Project("{FAE04EC0-301F-11D3-BF4B-00C04F79EFBC}") = "NorthWind.Entities", "NorthWind.Entities\NorthWind.Entities.csproj", "{F4E1AB41-7953-4962-9EB9-C0ED15234023}"
EndProject
Project("{FAE04EC0-301F-11D3-BF4B-00C04F79EFBC}") = "NorthWind.ConsoleApp", "NorthWind.ConsoleApp\NorthWind.ConsoleApp.csproj", "{155A90E0-C2DC-4930-8727-82A47AC41255}"
EndProject
Project("{2150E333-8FDC-42A3-9474-1A3956D46DE8}") = "Solution Items", "Solution Items", "{F900187A-A9FE-4925-8FB8-48557921E2E5}"
	ProjectSection(SolutionItems) = preProject
		.editorconfig = .editorconfig
	EndProjectSection
EndProject
Project("{FAE04EC0-301F-11D3-BF4B-00C04F79EFBC}") = "NorthWind.Writers", "NorthWind.Writers\NorthWind.Writers.csproj", "{6CC37933-1E35-43F4-AFFC-8AA4CF802087}"
EndProject
Project("{FAE04EC0-301F-11D3-BF4B-00C04F79EFBC}") = "NorthWind.IoC", "NorthWind.IoC\NorthWind.IoC.csproj", "{624C17AD-3B3C-421D-9C35-BD2764476C85}"
EndProject
Project("{FAE04EC0-301F-11D3-BF4B-00C04F79EFBC}") = "NorthWind.Core", "NorthWind.Core\NorthWind.Core.csproj", "{A168CD2A-C8BB-4211-B130-B7F8E53D026C}"
EndProject
Global
	GlobalSection(SolutionConfigurationPlatforms) = preSolution
		Debug|Any CPU = Debug|Any CPU
		Release|Any CPU = Release|Any CPU
	EndGlobalSection
	GlobalSection(ProjectConfigurationPlatforms) = postSolution
		{F4E1AB41-7953-4962-9EB9-C0ED15234023}.Debug|Any CPU.ActiveCfg = Debug|Any CPU
		{F4E1AB41-7953-4962-9EB9-C0ED15234023}.Debug|Any CPU.Build.0 = Debug|Any CPU
		{F4E1AB41-7953-4962-9EB9-C0ED15234023}.Release|Any CPU.ActiveCfg = Release|Any CPU
		{F4E1AB41-7953-4962-9EB9-C0ED15234023}.Release|Any CPU.Build.0 = Release|Any CPU
		{155A90E0-C2DC-4930-8727-82A47AC41255}.Debug|Any CPU.ActiveCfg = Debug|Any CPU
		{155A90E0-C2DC-4930-8727-82A47AC41255}.Debug|Any CPU.Build.0 = Debug|Any CPU
		{155A90E0-C2DC-4930-8727-82A47AC41255}.Release|Any CPU.ActiveCfg = Release|Any CPU
		{155A90E0-C2DC-4930-8727-82A47AC41255}.Release|Any CPU.Build.0 = Release|Any CPU
		{6CC37933-1E35-43F4-AFFC-8AA4CF802087}.Debug|Any CPU.ActiveCfg = Debug|Any CPU
		{6CC37933-1E35-43F4-AFFC-8AA4CF802087}.Debug|Any CPU.Build.0 = Debug|Any CPU
		{6CC37933-1E35-43F4-AFFC-8AA4CF802087}.Release|Any CPU.ActiveCfg = Release|Any CPU
		{6CC37933-1E35-43F4-AFFC-8AA4CF802087}.Release|Any CPU.Build.0 = Release|Any CPU
		{624C17AD-3B3C-421D-9C35-BD2764476C85}.Debug|Any CPU.ActiveCfg = Debug|Any CPU
		{624C17AD-3B3C-421D-9C35-BD2764476C85}.Debug|Any CPU.Build.0 = Debug|Any CPU
		{624C17AD-3B3C-421D-9C35-BD2764476C85}.Release|Any CPU.ActiveCfg = Release|Any CPU
		{624C17AD-3B3C-421D-9C35-BD2764476C85}.Release|Any CPU.Build.0 = Release|Any CPU
		{A168CD2A-C8BB-4211-B130-B7F8E53D026C}.Debug|Any CPU.ActiveCfg = Debug|Any CPU
		{A168CD2A-C8BB-4211-B130-B7F8E53D026C}.Debug|Any CPU.Build.0 = Debug|Any CPU
		{A168CD2A-C8BB-4211-B130-B7F8E53D026C}.Release|Any CPU.ActiveCfg = Release|Any CPU
		{A168CD2A-C8BB-4211-B130-B7F8E53D026C}.Release|Any CPU.Build.0 = Release|Any CPU
	EndGlobalSection
	GlobalSection(SolutionProperties) = preSolution
		HideSolutionNode = FALSE
	EndGlobalSection
	GlobalSection(ExtensibilityGlobals) = postSolution
		SolutionGuid = {AF9650B3-1912-4B53-BC8F-4385854CACF7}
	EndGlobalSection
EndGlobal
